
Microsoft Visual Studio Solution File, Format Version 12.00
# Visual Studio 15
VisualStudioVersion = 15.0.28307.489
MinimumVisualStudioVersion = 10.0.40219.1
Project("{FAE04EC0-301F-11D3-BF4B-00C04F79EFBC}") = "ex3", "ex3\ex3.csproj", "{CB0D4F6D-004C-4DBC-9793-AFFABF0C28BD}"
EndProject
Global
	GlobalSection(SolutionConfigurationPlatforms) = preSolution
		Debug|Any CPU = Debug|Any CPU
		Release|Any CPU = Release|Any CPU
	EndGlobalSection
	GlobalSection(ProjectConfigurationPlatforms) = postSolution
		{CB0D4F6D-004C-4DBC-9793-AFFABF0C28BD}.Debug|Any CPU.ActiveCfg = Debug|Any CPU
		{CB0D4F6D-004C-4DBC-9793-AFFABF0C28BD}.Debug|Any CPU.Build.0 = Debug|Any CPU
		{CB0D4F6D-004C-4DBC-9793-AFFABF0C28BD}.Release|Any CPU.ActiveCfg = Release|Any CPU
		{CB0D4F6D-004C-4DBC-9793-AFFABF0C28BD}.Release|Any CPU.Build.0 = Release|Any CPU
	EndGlobalSection
	GlobalSection(SolutionProperties) = preSolution
		HideSolutionNode = FALSE
	EndGlobalSection
	GlobalSection(ExtensibilityGlobals) = postSolution
		SolutionGuid = {3301FDCE-F669-4663-8D7B-72B2F6E28D7C}
	EndGlobalSection
EndGlobal
